
Microsoft Visual Studio Solution File, Format Version 12.00
# Visual Studio Version 17
VisualStudioVersion = 17.4.33213.308
MinimumVisualStudioVersion = 10.0.40219.1
Project("{FAE04EC0-301F-11D3-BF4B-00C04F79EFBC}") = "Web_Application_19-04-2023", "Web_Application_19-04-2023.csproj", "{54C69F57-AEDA-4459-9630-3FD377700699}"
EndProject
Global
	GlobalSection(SolutionConfigurationPlatforms) = preSolution
		Debug|Any CPU = Debug|Any CPU
		Release|Any CPU = Release|Any CPU
	EndGlobalSection
	GlobalSection(ProjectConfigurationPlatforms) = postSolution
		{54C69F57-AEDA-4459-9630-3FD377700699}.Debug|Any CPU.ActiveCfg = Debug|Any CPU
		{54C69F57-AEDA-4459-9630-3FD377700699}.Debug|Any CPU.Build.0 = Debug|Any CPU
		{54C69F57-AEDA-4459-9630-3FD377700699}.Release|Any CPU.ActiveCfg = Release|Any CPU
		{54C69F57-AEDA-4459-9630-3FD377700699}.Release|Any CPU.Build.0 = Release|Any CPU
	EndGlobalSection
	GlobalSection(SolutionProperties) = preSolution
		HideSolutionNode = FALSE
	EndGlobalSection
	GlobalSection(ExtensibilityGlobals) = postSolution
		SolutionGuid = {D83894B0-0B33-4493-BBF3-4BA100BC517A}
	EndGlobalSection
EndGlobal
