
Microsoft Visual Studio Solution File, Format Version 12.00
# Visual Studio Version 17
VisualStudioVersion = 17.4.33213.308
MinimumVisualStudioVersion = 10.0.40219.1
Project("{FAE04EC0-301F-11D3-BF4B-00C04F79EFBC}") = "EmployeeExplorer_M_V_C", "EmployeeExplorer_M_V_C.csproj", "{AAD30068-B263-41BA-987F-DE477B8B6A09}"
EndProject
Global
	GlobalSection(SolutionConfigurationPlatforms) = preSolution
		Debug|Any CPU = Debug|Any CPU
		Release|Any CPU = Release|Any CPU
	EndGlobalSection
	GlobalSection(ProjectConfigurationPlatforms) = postSolution
		{AAD30068-B263-41BA-987F-DE477B8B6A09}.Debug|Any CPU.ActiveCfg = Debug|Any CPU
		{AAD30068-B263-41BA-987F-DE477B8B6A09}.Debug|Any CPU.Build.0 = Debug|Any CPU
		{AAD30068-B263-41BA-987F-DE477B8B6A09}.Release|Any CPU.ActiveCfg = Release|Any CPU
		{AAD30068-B263-41BA-987F-DE477B8B6A09}.Release|Any CPU.Build.0 = Release|Any CPU
	EndGlobalSection
	GlobalSection(SolutionProperties) = preSolution
		HideSolutionNode = FALSE
	EndGlobalSection
	GlobalSection(ExtensibilityGlobals) = postSolution
		SolutionGuid = {B367ABA3-8F88-4B57-9C52-689E09DD3884}
	EndGlobalSection
EndGlobal
