
Microsoft Visual Studio Solution File, Format Version 12.00
# Visual Studio Version 17
VisualStudioVersion = 17.4.33213.308
MinimumVisualStudioVersion = 10.0.40219.1
Project("{9A19103F-16F7-4668-BE54-9A1E7A4F7556}") = "JWT_API25523", "JWT_API25523.csproj", "{5473B50D-8AF0-4D4F-BB8A-554461BC3861}"
EndProject
Project("{2150E333-8FDC-42A3-9474-1A3956D46DE8}") = "Solution Items", "Solution Items", "{EE6CC8A8-401B-4F5C-98C0-11371BA43F9A}"
	ProjectSection(SolutionItems) = preProject
		.editorconfig = .editorconfig
	EndProjectSection
EndProject
Global
	GlobalSection(SolutionConfigurationPlatforms) = preSolution
		Debug|Any CPU = Debug|Any CPU
		Release|Any CPU = Release|Any CPU
	EndGlobalSection
	GlobalSection(ProjectConfigurationPlatforms) = postSolution
		{5473B50D-8AF0-4D4F-BB8A-554461BC3861}.Debug|Any CPU.ActiveCfg = Debug|Any CPU
		{5473B50D-8AF0-4D4F-BB8A-554461BC3861}.Debug|Any CPU.Build.0 = Debug|Any CPU
		{5473B50D-8AF0-4D4F-BB8A-554461BC3861}.Release|Any CPU.ActiveCfg = Release|Any CPU
		{5473B50D-8AF0-4D4F-BB8A-554461BC3861}.Release|Any CPU.Build.0 = Release|Any CPU
	EndGlobalSection
	GlobalSection(SolutionProperties) = preSolution
		HideSolutionNode = FALSE
	EndGlobalSection
	GlobalSection(ExtensibilityGlobals) = postSolution
		SolutionGuid = {07BB36A6-0812-4880-A3CB-90BB27DA818D}
	EndGlobalSection
EndGlobal
