
Microsoft Visual Studio Solution File, Format Version 12.00
# Visual Studio Version 17
VisualStudioVersion = 17.4.33213.308
MinimumVisualStudioVersion = 10.0.40219.1
Project("{FAE04EC0-301F-11D3-BF4B-00C04F79EFBC}") = "Employee_Management-3-5-23", "Employee_Management-3-5-23.csproj", "{51BA848E-C862-4859-988F-03F00679AB3B}"
EndProject
Global
	GlobalSection(SolutionConfigurationPlatforms) = preSolution
		Debug|Any CPU = Debug|Any CPU
		Release|Any CPU = Release|Any CPU
	EndGlobalSection
	GlobalSection(ProjectConfigurationPlatforms) = postSolution
		{51BA848E-C862-4859-988F-03F00679AB3B}.Debug|Any CPU.ActiveCfg = Debug|Any CPU
		{51BA848E-C862-4859-988F-03F00679AB3B}.Debug|Any CPU.Build.0 = Debug|Any CPU
		{51BA848E-C862-4859-988F-03F00679AB3B}.Release|Any CPU.ActiveCfg = Release|Any CPU
		{51BA848E-C862-4859-988F-03F00679AB3B}.Release|Any CPU.Build.0 = Release|Any CPU
	EndGlobalSection
	GlobalSection(SolutionProperties) = preSolution
		HideSolutionNode = FALSE
	EndGlobalSection
	GlobalSection(ExtensibilityGlobals) = postSolution
		SolutionGuid = {1EAC1D1B-F3EF-42A5-ADDA-2C62C1A75019}
	EndGlobalSection
EndGlobal
