
Microsoft Visual Studio Solution File, Format Version 12.00
# Visual Studio Version 17
VisualStudioVersion = 17.4.33213.308
MinimumVisualStudioVersion = 10.0.40219.1
Project("{FAE04EC0-301F-11D3-BF4B-00C04F79EFBC}") = "Web_API(Code-First)-02-05-23", "Web_API(Code-First)-02-05-23.csproj", "{066F9A87-14A8-4CD2-AB70-472A78E03C7C}"
EndProject
Global
	GlobalSection(SolutionConfigurationPlatforms) = preSolution
		Debug|Any CPU = Debug|Any CPU
		Release|Any CPU = Release|Any CPU
	EndGlobalSection
	GlobalSection(ProjectConfigurationPlatforms) = postSolution
		{066F9A87-14A8-4CD2-AB70-472A78E03C7C}.Debug|Any CPU.ActiveCfg = Debug|Any CPU
		{066F9A87-14A8-4CD2-AB70-472A78E03C7C}.Debug|Any CPU.Build.0 = Debug|Any CPU
		{066F9A87-14A8-4CD2-AB70-472A78E03C7C}.Release|Any CPU.ActiveCfg = Release|Any CPU
		{066F9A87-14A8-4CD2-AB70-472A78E03C7C}.Release|Any CPU.Build.0 = Release|Any CPU
	EndGlobalSection
	GlobalSection(SolutionProperties) = preSolution
		HideSolutionNode = FALSE
	EndGlobalSection
	GlobalSection(ExtensibilityGlobals) = postSolution
		SolutionGuid = {944CE1AC-DBC1-4299-96D2-27BB3EB99329}
	EndGlobalSection
EndGlobal
