
Microsoft Visual Studio Solution File, Format Version 12.00
# Visual Studio Version 17
VisualStudioVersion = 17.4.33213.308
MinimumVisualStudioVersion = 10.0.40219.1
Project("{FAE04EC0-301F-11D3-BF4B-00C04F79EFBC}") = "BuilderPattern10723", "BuilderPattern10723.csproj", "{D854FDC9-2209-445E-B7D0-C7D7D7D3E992}"
EndProject
Global
	GlobalSection(SolutionConfigurationPlatforms) = preSolution
		Debug|Any CPU = Debug|Any CPU
		Release|Any CPU = Release|Any CPU
	EndGlobalSection
	GlobalSection(ProjectConfigurationPlatforms) = postSolution
		{D854FDC9-2209-445E-B7D0-C7D7D7D3E992}.Debug|Any CPU.ActiveCfg = Debug|Any CPU
		{D854FDC9-2209-445E-B7D0-C7D7D7D3E992}.Debug|Any CPU.Build.0 = Debug|Any CPU
		{D854FDC9-2209-445E-B7D0-C7D7D7D3E992}.Release|Any CPU.ActiveCfg = Release|Any CPU
		{D854FDC9-2209-445E-B7D0-C7D7D7D3E992}.Release|Any CPU.Build.0 = Release|Any CPU
	EndGlobalSection
	GlobalSection(SolutionProperties) = preSolution
		HideSolutionNode = FALSE
	EndGlobalSection
	GlobalSection(ExtensibilityGlobals) = postSolution
		SolutionGuid = {5B6F3735-0C32-4FAC-B5A8-BFAFBB77BBED}
	EndGlobalSection
EndGlobal
