
Microsoft Visual Studio Solution File, Format Version 12.00
# Visual Studio Version 17
VisualStudioVersion = 17.4.33213.308
MinimumVisualStudioVersion = 10.0.40219.1
Project("{FAE04EC0-301F-11D3-BF4B-00C04F79EFBC}") = "IRepository_Hospital-5-5-23", "IRepository_Hospital-5-5-23.csproj", "{B6F22E2C-7F43-411C-A2ED-0CEE59A68F3D}"
EndProject
Global
	GlobalSection(SolutionConfigurationPlatforms) = preSolution
		Debug|Any CPU = Debug|Any CPU
		Release|Any CPU = Release|Any CPU
	EndGlobalSection
	GlobalSection(ProjectConfigurationPlatforms) = postSolution
		{B6F22E2C-7F43-411C-A2ED-0CEE59A68F3D}.Debug|Any CPU.ActiveCfg = Debug|Any CPU
		{B6F22E2C-7F43-411C-A2ED-0CEE59A68F3D}.Debug|Any CPU.Build.0 = Debug|Any CPU
		{B6F22E2C-7F43-411C-A2ED-0CEE59A68F3D}.Release|Any CPU.ActiveCfg = Release|Any CPU
		{B6F22E2C-7F43-411C-A2ED-0CEE59A68F3D}.Release|Any CPU.Build.0 = Release|Any CPU
	EndGlobalSection
	GlobalSection(SolutionProperties) = preSolution
		HideSolutionNode = FALSE
	EndGlobalSection
	GlobalSection(ExtensibilityGlobals) = postSolution
		SolutionGuid = {82EA9EEB-3781-4A3C-B454-50DF0EA0A249}
	EndGlobalSection
EndGlobal
