
Microsoft Visual Studio Solution File, Format Version 12.00
# Visual Studio Version 17
VisualStudioVersion = 17.4.33213.308
MinimumVisualStudioVersion = 10.0.40219.1
Project("{FAE04EC0-301F-11D3-BF4B-00C04F79EFBC}") = "WebApplication1", "WebApplication1.csproj", "{CA58E1CA-BFF5-4D72-9C0C-B1A408ADAC3B}"
EndProject
Global
	GlobalSection(SolutionConfigurationPlatforms) = preSolution
		Debug|Any CPU = Debug|Any CPU
		Release|Any CPU = Release|Any CPU
	EndGlobalSection
	GlobalSection(ProjectConfigurationPlatforms) = postSolution
		{CA58E1CA-BFF5-4D72-9C0C-B1A408ADAC3B}.Debug|Any CPU.ActiveCfg = Debug|Any CPU
		{CA58E1CA-BFF5-4D72-9C0C-B1A408ADAC3B}.Debug|Any CPU.Build.0 = Debug|Any CPU
		{CA58E1CA-BFF5-4D72-9C0C-B1A408ADAC3B}.Release|Any CPU.ActiveCfg = Release|Any CPU
		{CA58E1CA-BFF5-4D72-9C0C-B1A408ADAC3B}.Release|Any CPU.Build.0 = Release|Any CPU
	EndGlobalSection
	GlobalSection(SolutionProperties) = preSolution
		HideSolutionNode = FALSE
	EndGlobalSection
	GlobalSection(ExtensibilityGlobals) = postSolution
		SolutionGuid = {512E75AF-75CA-4449-9072-6FD0BE97E594}
	EndGlobalSection
EndGlobal
