
Microsoft Visual Studio Solution File, Format Version 12.00
# Visual Studio Version 17
VisualStudioVersion = 17.4.33213.308
MinimumVisualStudioVersion = 10.0.40219.1
Project("{FAE04EC0-301F-11D3-BF4B-00C04F79EFBC}") = "API_OnetoMany", "API_OnetoMany.csproj", "{D46C6686-3102-4173-B4D5-3CFC632361C9}"
EndProject
Global
	GlobalSection(SolutionConfigurationPlatforms) = preSolution
		Debug|Any CPU = Debug|Any CPU
		Release|Any CPU = Release|Any CPU
	EndGlobalSection
	GlobalSection(ProjectConfigurationPlatforms) = postSolution
		{D46C6686-3102-4173-B4D5-3CFC632361C9}.Debug|Any CPU.ActiveCfg = Debug|Any CPU
		{D46C6686-3102-4173-B4D5-3CFC632361C9}.Debug|Any CPU.Build.0 = Debug|Any CPU
		{D46C6686-3102-4173-B4D5-3CFC632361C9}.Release|Any CPU.ActiveCfg = Release|Any CPU
		{D46C6686-3102-4173-B4D5-3CFC632361C9}.Release|Any CPU.Build.0 = Release|Any CPU
	EndGlobalSection
	GlobalSection(SolutionProperties) = preSolution
		HideSolutionNode = FALSE
	EndGlobalSection
	GlobalSection(ExtensibilityGlobals) = postSolution
		SolutionGuid = {03ED73C9-2D81-46D1-BE09-1E231A62D5CD}
	EndGlobalSection
EndGlobal
